// !$*UTF8*$!
{
	archiveVersion = 1;
	classes = {
	};
	objectVersion = 46;
	objects = {

/* Begin PBXBuildFile section */
		2CC1EAF8F619C0AF3599F73D /* Pods_TRZXPersonalWatch.framework in Frameworks */ = {isa = PBXBuildFile; fileRef = E08D71B2C4CB38E9557F0F37 /* Pods_TRZXPersonalWatch.framework */; };
		B70E984F1E63BA2C00FA3145 /* main.m in Sources */ = {isa = PBXBuildFile; fileRef = B70E984E1E63BA2C00FA3145 /* main.m */; };
		B70E98521E63BA2C00FA3145 /* AppDelegate.m in Sources */ = {isa = PBXBuildFile; fileRef = B70E98511E63BA2C00FA3145 /* AppDelegate.m */; };
		B70E98581E63BA2C00FA3145 /* Main.storyboard in Resources */ = {isa = PBXBuildFile; fileRef = B70E98561E63BA2C00FA3145 /* Main.storyboard */; };
		B70E985A1E63BA2C00FA3145 /* Assets.xcassets in Resources */ = {isa = PBXBuildFile; fileRef = B70E98591E63BA2C00FA3145 /* Assets.xcassets */; };
		B70E985D1E63BA2C00FA3145 /* LaunchScreen.storyboard in Resources */ = {isa = PBXBuildFile; fileRef = B70E985B1E63BA2C00FA3145 /* LaunchScreen.storyboard */; };
		B70E98681E63BA2C00FA3145 /* TRZXPersonalWatchTests.m in Sources */ = {isa = PBXBuildFile; fileRef = B70E98671E63BA2C00FA3145 /* TRZXPersonalWatchTests.m */; };
		B70E98731E63BA2C00FA3145 /* TRZXPersonalWatchUITests.m in Sources */ = {isa = PBXBuildFile; fileRef = B70E98721E63BA2C00FA3145 /* TRZXPersonalWatchUITests.m */; };
		B70E98831E63BA5D00FA3145 /* TRZXPersonalWatchController.m in Sources */ = {isa = PBXBuildFile; fileRef = B70E98821E63BA5D00FA3145 /* TRZXPersonalWatchController.m */; };
		B70E98861E63BEF400FA3145 /* TRZXPersonalWatchModel.m in Sources */ = {isa = PBXBuildFile; fileRef = B70E98851E63BEF400FA3145 /* TRZXPersonalWatchModel.m */; };
		B70E988A1E63C02200FA3145 /* ZaixianerjiyedeCell.m in Sources */ = {isa = PBXBuildFile; fileRef = B70E98881E63C02200FA3145 /* ZaixianerjiyedeCell.m */; };
		B70E988B1E63C02200FA3145 /* ZaixianerjiyedeCell.xib in Resources */ = {isa = PBXBuildFile; fileRef = B70E98891E63C02200FA3145 /* ZaixianerjiyedeCell.xib */; };
		B70E988F1E63C05C00FA3145 /* InvestSeeCell.m in Sources */ = {isa = PBXBuildFile; fileRef = B70E988D1E63C05C00FA3145 /* InvestSeeCell.m */; };
		B70E98901E63C05C00FA3145 /* InvestSeeCell.xib in Resources */ = {isa = PBXBuildFile; fileRef = B70E988E1E63C05C00FA3145 /* InvestSeeCell.xib */; };
		B70E98941E63C07A00FA3145 /* NoLabelView.m in Sources */ = {isa = PBXBuildFile; fileRef = B70E98921E63C07A00FA3145 /* NoLabelView.m */; };
		B70E98951E63C07A00FA3145 /* NoLabelView.xib in Resources */ = {isa = PBXBuildFile; fileRef = B70E98931E63C07A00FA3145 /* NoLabelView.xib */; };
		B70E98981E63C85000FA3145 /* TRZXPWatchViewMode.m in Sources */ = {isa = PBXBuildFile; fileRef = B70E98971E63C85000FA3145 /* TRZXPWatchViewMode.m */; };
		B70E989C1E63D73000FA3145 /* college_home@2x.png in Resources */ = {isa = PBXBuildFile; fileRef = B70E989B1E63D73000FA3145 /* college_home@2x.png */; };
		B70E98A01E63D7ED00FA3145 /* 播放1@2x.png in Resources */ = {isa = PBXBuildFile; fileRef = B70E989F1E63D7ED00FA3145 /* 播放1@2x.png */; };
		B70E98A21E63D87700FA3145 /* 看过@2x.png in Resources */ = {isa = PBXBuildFile; fileRef = B70E98A11E63D87700FA3145 /* 看过@2x.png */; };
		B70E98A41E63E0E900FA3145 /* 展位图.png in Resources */ = {isa = PBXBuildFile; fileRef = B70E98A31E63E0E900FA3145 /* 展位图.png */; };
/* End PBXBuildFile section */

/* Begin PBXContainerItemProxy section */
		B70E98641E63BA2C00FA3145 /* PBXContainerItemProxy */ = {
			isa = PBXContainerItemProxy;
			containerPortal = B70E98421E63BA2C00FA3145 /* Project object */;
			proxyType = 1;
			remoteGlobalIDString = B70E98491E63BA2C00FA3145;
			remoteInfo = TRZXPersonalWatch;
		};
		B70E986F1E63BA2C00FA3145 /* PBXContainerItemProxy */ = {
			isa = PBXContainerItemProxy;
			containerPortal = B70E98421E63BA2C00FA3145 /* Project object */;
			proxyType = 1;
			remoteGlobalIDString = B70E98491E63BA2C00FA3145;
			remoteInfo = TRZXPersonalWatch;
		};
/* End PBXContainerItemProxy section */

/* Begin PBXFileReference section */
		A715E85B767753528ED35C7A /* Pods-TRZXPersonalWatch.debug.xcconfig */ = {isa = PBXFileReference; includeInIndex = 1; lastKnownFileType = text.xcconfig; name = "Pods-TRZXPersonalWatch.debug.xcconfig"; path = "Pods/Target Support Files/Pods-TRZXPersonalWatch/Pods-TRZXPersonalWatch.debug.xcconfig"; sourceTree = "<group>"; };
		B70E984A1E63BA2C00FA3145 /* TRZXPersonalWatch.app */ = {isa = PBXFileReference; explicitFileType = wrapper.application; includeInIndex = 0; path = TRZXPersonalWatch.app; sourceTree = BUILT_PRODUCTS_DIR; };
		B70E984E1E63BA2C00FA3145 /* main.m */ = {isa = PBXFileReference; lastKnownFileType = sourcecode.c.objc; path = main.m; sourceTree = "<group>"; };
		B70E98501E63BA2C00FA3145 /* AppDelegate.h */ = {isa = PBXFileReference; lastKnownFileType = sourcecode.c.h; path = AppDelegate.h; sourceTree = "<group>"; };
		B70E98511E63BA2C00FA3145 /* AppDelegate.m */ = {isa = PBXFileReference; lastKnownFileType = sourcecode.c.objc; path = AppDelegate.m; sourceTree = "<group>"; };
		B70E98571E63BA2C00FA3145 /* Base */ = {isa = PBXFileReference; lastKnownFileType = file.storyboard; name = Base; path = Base.lproj/Main.storyboard; sourceTree = "<group>"; };
		B70E98591E63BA2C00FA3145 /* Assets.xcassets */ = {isa = PBXFileReference; lastKnownFileType = folder.assetcatalog; path = Assets.xcassets; sourceTree = "<group>"; };
		B70E985C1E63BA2C00FA3145 /* Base */ = {isa = PBXFileReference; lastKnownFileType = file.storyboard; name = Base; path = Base.lproj/LaunchScreen.storyboard; sourceTree = "<group>"; };
		B70E985E1E63BA2C00FA3145 /* Info.plist */ = {isa = PBXFileReference; lastKnownFileType = text.plist.xml; path = Info.plist; sourceTree = "<group>"; };
		B70E98631E63BA2C00FA3145 /* TRZXPersonalWatchTests.xctest */ = {isa = PBXFileReference; explicitFileType = wrapper.cfbundle; includeInIndex = 0; path = TRZXPersonalWatchTests.xctest; sourceTree = BUILT_PRODUCTS_DIR; };
		B70E98671E63BA2C00FA3145 /* TRZXPersonalWatchTests.m */ = {isa = PBXFileReference; lastKnownFileType = sourcecode.c.objc; path = TRZXPersonalWatchTests.m; sourceTree = "<group>"; };
		B70E98691E63BA2C00FA3145 /* Info.plist */ = {isa = PBXFileReference; lastKnownFileType = text.plist.xml; path = Info.plist; sourceTree = "<group>"; };
		B70E986E1E63BA2C00FA3145 /* TRZXPersonalWatchUITests.xctest */ = {isa = PBXFileReference; explicitFileType = wrapper.cfbundle; includeInIndex = 0; path = TRZXPersonalWatchUITests.xctest; sourceTree = BUILT_PRODUCTS_DIR; };
		B70E98721E63BA2C00FA3145 /* TRZXPersonalWatchUITests.m */ = {isa = PBXFileReference; lastKnownFileType = sourcecode.c.objc; path = TRZXPersonalWatchUITests.m; sourceTree = "<group>"; };
		B70E98741E63BA2C00FA3145 /* Info.plist */ = {isa = PBXFileReference; lastKnownFileType = text.plist.xml; path = Info.plist; sourceTree = "<group>"; };
		B70E98811E63BA5D00FA3145 /* TRZXPersonalWatchController.h */ = {isa = PBXFileReference; fileEncoding = 4; lastKnownFileType = sourcecode.c.h; path = TRZXPersonalWatchController.h; sourceTree = "<group>"; };
		B70E98821E63BA5D00FA3145 /* TRZXPersonalWatchController.m */ = {isa = PBXFileReference; fileEncoding = 4; lastKnownFileType = sourcecode.c.objc; path = TRZXPersonalWatchController.m; sourceTree = "<group>"; };
		B70E98841E63BEF400FA3145 /* TRZXPersonalWatchModel.h */ = {isa = PBXFileReference; fileEncoding = 4; lastKnownFileType = sourcecode.c.h; path = TRZXPersonalWatchModel.h; sourceTree = "<group>"; };
		B70E98851E63BEF400FA3145 /* TRZXPersonalWatchModel.m */ = {isa = PBXFileReference; fileEncoding = 4; lastKnownFileType = sourcecode.c.objc; path = TRZXPersonalWatchModel.m; sourceTree = "<group>"; };
		B70E98871E63C02200FA3145 /* ZaixianerjiyedeCell.h */ = {isa = PBXFileReference; fileEncoding = 4; lastKnownFileType = sourcecode.c.h; path = ZaixianerjiyedeCell.h; sourceTree = "<group>"; };
		B70E98881E63C02200FA3145 /* ZaixianerjiyedeCell.m */ = {isa = PBXFileReference; fileEncoding = 4; lastKnownFileType = sourcecode.c.objc; path = ZaixianerjiyedeCell.m; sourceTree = "<group>"; };
		B70E98891E63C02200FA3145 /* ZaixianerjiyedeCell.xib */ = {isa = PBXFileReference; fileEncoding = 4; lastKnownFileType = file.xib; path = ZaixianerjiyedeCell.xib; sourceTree = "<group>"; };
		B70E988C1E63C05C00FA3145 /* InvestSeeCell.h */ = {isa = PBXFileReference; fileEncoding = 4; lastKnownFileType = sourcecode.c.h; path = InvestSeeCell.h; sourceTree = "<group>"; };
		B70E988D1E63C05C00FA3145 /* InvestSeeCell.m */ = {isa = PBXFileReference; fileEncoding = 4; lastKnownFileType = sourcecode.c.objc; path = InvestSeeCell.m; sourceTree = "<group>"; };
		B70E988E1E63C05C00FA3145 /* InvestSeeCell.xib */ = {isa = PBXFileReference; fileEncoding = 4; lastKnownFileType = file.xib; path = InvestSeeCell.xib; sourceTree = "<group>"; };
		B70E98911E63C07A00FA3145 /* NoLabelView.h */ = {isa = PBXFileReference; fileEncoding = 4; lastKnownFileType = sourcecode.c.h; path = NoLabelView.h; sourceTree = "<group>"; };
		B70E98921E63C07A00FA3145 /* NoLabelView.m */ = {isa = PBXFileReference; fileEncoding = 4; lastKnownFileType = sourcecode.c.objc; path = NoLabelView.m; sourceTree = "<group>"; };
		B70E98931E63C07A00FA3145 /* NoLabelView.xib */ = {isa = PBXFileReference; fileEncoding = 4; lastKnownFileType = file.xib; path = NoLabelView.xib; sourceTree = "<group>"; };
		B70E98961E63C85000FA3145 /* TRZXPWatchViewMode.h */ = {isa = PBXFileReference; fileEncoding = 4; lastKnownFileType = sourcecode.c.h; path = TRZXPWatchViewMode.h; sourceTree = "<group>"; };
		B70E98971E63C85000FA3145 /* TRZXPWatchViewMode.m */ = {isa = PBXFileReference; fileEncoding = 4; lastKnownFileType = sourcecode.c.objc; path = TRZXPWatchViewMode.m; sourceTree = "<group>"; };
		B70E989B1E63D73000FA3145 /* college_home@2x.png */ = {isa = PBXFileReference; lastKnownFileType = image.png; path = "college_home@2x.png"; sourceTree = "<group>"; };
		B70E989F1E63D7ED00FA3145 /* 播放1@2x.png */ = {isa = PBXFileReference; lastKnownFileType = image.png; path = "播放1@2x.png"; sourceTree = "<group>"; };
		B70E98A11E63D87700FA3145 /* 看过@2x.png */ = {isa = PBXFileReference; lastKnownFileType = image.png; path = "看过@2x.png"; sourceTree = "<group>"; };
		B70E98A31E63E0E900FA3145 /* 展位图.png */ = {isa = PBXFileReference; lastKnownFileType = image.png; path = "展位图.png"; sourceTree = "<group>"; };
		E08D71B2C4CB38E9557F0F37 /* Pods_TRZXPersonalWatch.framework */ = {isa = PBXFileReference; explicitFileType = wrapper.framework; includeInIndex = 0; path = Pods_TRZXPersonalWatch.framework; sourceTree = BUILT_PRODUCTS_DIR; };
		FF9EE8943BC8A52C2D0C98A6 /* Pods-TRZXPersonalWatch.release.xcconfig */ = {isa = PBXFileReference; includeInIndex = 1; lastKnownFileType = text.xcconfig; name = "Pods-TRZXPersonalWatch.release.xcconfig"; path = "Pods/Target Support Files/Pods-TRZXPersonalWatch/Pods-TRZXPersonalWatch.release.xcconfig"; sourceTree = "<group>"; };
/* End PBXFileReference section */

/* Begin PBXFrameworksBuildPhase section */
		B70E98471E63BA2C00FA3145 /* Frameworks */ = {
			isa = PBXFrameworksBuildPhase;
			buildActionMask = 2147483647;
			files = (
				2CC1EAF8F619C0AF3599F73D /* Pods_TRZXPersonalWatch.framework in Frameworks */,
			);
			runOnlyForDeploymentPostprocessing = 0;
		};
		B70E98601E63BA2C00FA3145 /* Frameworks */ = {
			isa = PBXFrameworksBuildPhase;
			buildActionMask = 2147483647;
			files = (
			);
			runOnlyForDeploymentPostprocessing = 0;
		};
		B70E986B1E63BA2C00FA3145 /* Frameworks */ = {
			isa = PBXFrameworksBuildPhase;
			buildActionMask = 2147483647;
			files = (
			);
			runOnlyForDeploymentPostprocessing = 0;
		};
/* End PBXFrameworksBuildPhase section */

/* Begin PBXGroup section */
		4A520C68F42CA0448C2B1C2A /* Frameworks */ = {
			isa = PBXGroup;
			children = (
				E08D71B2C4CB38E9557F0F37 /* Pods_TRZXPersonalWatch.framework */,
			);
			name = Frameworks;
			sourceTree = "<group>";
		};
		B70E98411E63BA2C00FA3145 = {
			isa = PBXGroup;
			children = (
				B70E984C1E63BA2C00FA3145 /* TRZXPersonalWatch */,
				B70E98661E63BA2C00FA3145 /* TRZXPersonalWatchTests */,
				B70E98711E63BA2C00FA3145 /* TRZXPersonalWatchUITests */,
				B70E984B1E63BA2C00FA3145 /* Products */,
				F2A4C168C63D156661459782 /* Pods */,
				4A520C68F42CA0448C2B1C2A /* Frameworks */,
			);
			sourceTree = "<group>";
		};
		B70E984B1E63BA2C00FA3145 /* Products */ = {
			isa = PBXGroup;
			children = (
				B70E984A1E63BA2C00FA3145 /* TRZXPersonalWatch.app */,
				B70E98631E63BA2C00FA3145 /* TRZXPersonalWatchTests.xctest */,
				B70E986E1E63BA2C00FA3145 /* TRZXPersonalWatchUITests.xctest */,
			);
			name = Products;
			sourceTree = "<group>";
		};
		B70E984C1E63BA2C00FA3145 /* TRZXPersonalWatch */ = {
			isa = PBXGroup;
			children = (
				B70E98801E63BA4D00FA3145 /* TRZXPersonalWatch */,
				B70E98501E63BA2C00FA3145 /* AppDelegate.h */,
				B70E98511E63BA2C00FA3145 /* AppDelegate.m */,
				B70E98561E63BA2C00FA3145 /* Main.storyboard */,
				B70E98591E63BA2C00FA3145 /* Assets.xcassets */,
				B70E985B1E63BA2C00FA3145 /* LaunchScreen.storyboard */,
				B70E985E1E63BA2C00FA3145 /* Info.plist */,
				B70E984D1E63BA2C00FA3145 /* Supporting Files */,
			);
			path = TRZXPersonalWatch;
			sourceTree = "<group>";
		};
		B70E984D1E63BA2C00FA3145 /* Supporting Files */ = {
			isa = PBXGroup;
			children = (
				B70E984E1E63BA2C00FA3145 /* main.m */,
			);
			name = "Supporting Files";
			sourceTree = "<group>";
		};
		B70E98661E63BA2C00FA3145 /* TRZXPersonalWatchTests */ = {
			isa = PBXGroup;
			children = (
				B70E98671E63BA2C00FA3145 /* TRZXPersonalWatchTests.m */,
				B70E98691E63BA2C00FA3145 /* Info.plist */,
			);
			path = TRZXPersonalWatchTests;
			sourceTree = "<group>";
		};
		B70E98711E63BA2C00FA3145 /* TRZXPersonalWatchUITests */ = {
			isa = PBXGroup;
			children = (
				B70E98721E63BA2C00FA3145 /* TRZXPersonalWatchUITests.m */,
				B70E98741E63BA2C00FA3145 /* Info.plist */,
			);
			path = TRZXPersonalWatchUITests;
			sourceTree = "<group>";
		};
		B70E98801E63BA4D00FA3145 /* TRZXPersonalWatch */ = {
			isa = PBXGroup;
			children = (
				B70E98A31E63E0E900FA3145 /* 展位图.png */,
				B70E98A11E63D87700FA3145 /* 看过@2x.png */,
				B70E989F1E63D7ED00FA3145 /* 播放1@2x.png */,
				B70E989B1E63D73000FA3145 /* college_home@2x.png */,
				B70E98911E63C07A00FA3145 /* NoLabelView.h */,
				B70E98921E63C07A00FA3145 /* NoLabelView.m */,
				B70E98931E63C07A00FA3145 /* NoLabelView.xib */,
				B70E988C1E63C05C00FA3145 /* InvestSeeCell.h */,
				B70E988D1E63C05C00FA3145 /* InvestSeeCell.m */,
				B70E988E1E63C05C00FA3145 /* InvestSeeCell.xib */,
				B70E98871E63C02200FA3145 /* ZaixianerjiyedeCell.h */,
				B70E98881E63C02200FA3145 /* ZaixianerjiyedeCell.m */,
				B70E98891E63C02200FA3145 /* ZaixianerjiyedeCell.xib */,
				B70E98961E63C85000FA3145 /* TRZXPWatchViewMode.h */,
				B70E98971E63C85000FA3145 /* TRZXPWatchViewMode.m */,
				B70E98811E63BA5D00FA3145 /* TRZXPersonalWatchController.h */,
				B70E98821E63BA5D00FA3145 /* TRZXPersonalWatchController.m */,
				B70E98841E63BEF400FA3145 /* TRZXPersonalWatchModel.h */,
				B70E98851E63BEF400FA3145 /* TRZXPersonalWatchModel.m */,
			);
			path = TRZXPersonalWatch;
			sourceTree = "<group>";
		};
		F2A4C168C63D156661459782 /* Pods */ = {
			isa = PBXGroup;
			children = (
				A715E85B767753528ED35C7A /* Pods-TRZXPersonalWatch.debug.xcconfig */,
				FF9EE8943BC8A52C2D0C98A6 /* Pods-TRZXPersonalWatch.release.xcconfig */,
			);
			name = Pods;
			sourceTree = "<group>";
		};
/* End PBXGroup section */

/* Begin PBXNativeTarget section */
		B70E98491E63BA2C00FA3145 /* TRZXPersonalWatch */ = {
			isa = PBXNativeTarget;
			buildConfigurationList = B70E98771E63BA2C00FA3145 /* Build configuration list for PBXNativeTarget "TRZXPersonalWatch" */;
			buildPhases = (
				CD40DBBFAB245681345C8F1E /* [CP] Check Pods Manifest.lock */,
				B70E98461E63BA2C00FA3145 /* Sources */,
				B70E98471E63BA2C00FA3145 /* Frameworks */,
				B70E98481E63BA2C00FA3145 /* Resources */,
				EEBD10FEFBF0A81D943DC262 /* [CP] Embed Pods Frameworks */,
				C31012B33EAF9621B3A2327F /* [CP] Copy Pods Resources */,
			);
			buildRules = (
			);
			dependencies = (
			);
			name = TRZXPersonalWatch;
			productName = TRZXPersonalWatch;
			productReference = B70E984A1E63BA2C00FA3145 /* TRZXPersonalWatch.app */;
			productType = "com.apple.product-type.application";
		};
		B70E98621E63BA2C00FA3145 /* TRZXPersonalWatchTests */ = {
			isa = PBXNativeTarget;
			buildConfigurationList = B70E987A1E63BA2C00FA3145 /* Build configuration list for PBXNativeTarget "TRZXPersonalWatchTests" */;
			buildPhases = (
				B70E985F1E63BA2C00FA3145 /* Sources */,
				B70E98601E63BA2C00FA3145 /* Frameworks */,
				B70E98611E63BA2C00FA3145 /* Resources */,
			);
			buildRules = (
			);
			dependencies = (
				B70E98651E63BA2C00FA3145 /* PBXTargetDependency */,
			);
			name = TRZXPersonalWatchTests;
			productName = TRZXPersonalWatchTests;
			productReference = B70E98631E63BA2C00FA3145 /* TRZXPersonalWatchTests.xctest */;
			productType = "com.apple.product-type.bundle.unit-test";
		};
		B70E986D1E63BA2C00FA3145 /* TRZXPersonalWatchUITests */ = {
			isa = PBXNativeTarget;
			buildConfigurationList = B70E987D1E63BA2C00FA3145 /* Build configuration list for PBXNativeTarget "TRZXPersonalWatchUITests" */;
			buildPhases = (
				B70E986A1E63BA2C00FA3145 /* Sources */,
				B70E986B1E63BA2C00FA3145 /* Frameworks */,
				B70E986C1E63BA2C00FA3145 /* Resources */,
			);
			buildRules = (
			);
			dependencies = (
				B70E98701E63BA2C00FA3145 /* PBXTargetDependency */,
			);
			name = TRZXPersonalWatchUITests;
			productName = TRZXPersonalWatchUITests;
			productReference = B70E986E1E63BA2C00FA3145 /* TRZXPersonalWatchUITests.xctest */;
			productType = "com.apple.product-type.bundle.ui-testing";
		};
/* End PBXNativeTarget section */

/* Begin PBXProject section */
		B70E98421E63BA2C00FA3145 /* Project object */ = {
			isa = PBXProject;
			attributes = {
				LastUpgradeCheck = 0820;
				ORGANIZATIONNAME = "张江威";
				TargetAttributes = {
					B70E98491E63BA2C00FA3145 = {
						CreatedOnToolsVersion = 8.2;
						ProvisioningStyle = Automatic;
					};
					B70E98621E63BA2C00FA3145 = {
						CreatedOnToolsVersion = 8.2;
						ProvisioningStyle = Automatic;
						TestTargetID = B70E98491E63BA2C00FA3145;
					};
					B70E986D1E63BA2C00FA3145 = {
						CreatedOnToolsVersion = 8.2;
						ProvisioningStyle = Automatic;
						TestTargetID = B70E98491E63BA2C00FA3145;
					};
				};
			};
			buildConfigurationList = B70E98451E63BA2C00FA3145 /* Build configuration list for PBXProject "TRZXPersonalWatch" */;
			compatibilityVersion = "Xcode 3.2";
			developmentRegion = English;
			hasScannedForEncodings = 0;
			knownRegions = (
				en,
				Base,
			);
			mainGroup = B70E98411E63BA2C00FA3145;
			productRefGroup = B70E984B1E63BA2C00FA3145 /* Products */;
			projectDirPath = "";
			projectRoot = "";
			targets = (
				B70E98491E63BA2C00FA3145 /* TRZXPersonalWatch */,
				B70E98621E63BA2C00FA3145 /* TRZXPersonalWatchTests */,
				B70E986D1E63BA2C00FA3145 /* TRZXPersonalWatchUITests */,
			);
		};
/* End PBXProject section */

/* Begin PBXResourcesBuildPhase section */
		B70E98481E63BA2C00FA3145 /* Resources */ = {
			isa = PBXResourcesBuildPhase;
			buildActionMask = 2147483647;
			files = (
				B70E98A41E63E0E900FA3145 /* 展位图.png in Resources */,
				B70E985D1E63BA2C00FA3145 /* LaunchScreen.storyboard in Resources */,
				B70E98A01E63D7ED00FA3145 /* 播放1@2x.png in Resources */,
				B70E98901E63C05C00FA3145 /* InvestSeeCell.xib in Resources */,
				B70E989C1E63D73000FA3145 /* college_home@2x.png in Resources */,
				B70E98951E63C07A00FA3145 /* NoLabelView.xib in Resources */,
				B70E988B1E63C02200FA3145 /* ZaixianerjiyedeCell.xib in Resources */,
				B70E985A1E63BA2C00FA3145 /* Assets.xcassets in Resources */,
				B70E98A21E63D87700FA3145 /* 看过@2x.png in Resources */,
				B70E98581E63BA2C00FA3145 /* Main.storyboard in Resources */,
			);
			runOnlyForDeploymentPostprocessing = 0;
		};
		B70E98611E63BA2C00FA3145 /* Resources */ = {
			isa = PBXResourcesBuildPhase;
			buildActionMask = 2147483647;
			files = (
			);
			runOnlyForDeploymentPostprocessing = 0;
		};
		B70E986C1E63BA2C00FA3145 /* Resources */ = {
			isa = PBXResourcesBuildPhase;
			buildActionMask = 2147483647;
			files = (
			);
			runOnlyForDeploymentPostprocessing = 0;
		};
/* End PBXResourcesBuildPhase section */

/* Begin PBXShellScriptBuildPhase section */
		C31012B33EAF9621B3A2327F /* [CP] Copy Pods Resources */ = {
			isa = PBXShellScriptBuildPhase;
			buildActionMask = 2147483647;
			files = (
			);
			inputPaths = (
			);
			name = "[CP] Copy Pods Resources";
			outputPaths = (
			);
			runOnlyForDeploymentPostprocessing = 0;
			shellPath = /bin/sh;
			shellScript = "\"${SRCROOT}/Pods/Target Support Files/Pods-TRZXPersonalWatch/Pods-TRZXPersonalWatch-resources.sh\"\n";
			showEnvVarsInLog = 0;
		};
		CD40DBBFAB245681345C8F1E /* [CP] Check Pods Manifest.lock */ = {
			isa = PBXShellScriptBuildPhase;
			buildActionMask = 2147483647;
			files = (
			);
			inputPaths = (
			);
			name = "[CP] Check Pods Manifest.lock";
			outputPaths = (
			);
			runOnlyForDeploymentPostprocessing = 0;
			shellPath = /bin/sh;
			shellScript = "diff \"${PODS_ROOT}/../Podfile.lock\" \"${PODS_ROOT}/Manifest.lock\" > /dev/null\nif [ $? != 0 ] ; then\n    # print error to STDERR\n    echo \"error: The sandbox is not in sync with the Podfile.lock. Run 'pod install' or update your CocoaPods installation.\" >&2\n    exit 1\nfi\n";
			showEnvVarsInLog = 0;
		};
		EEBD10FEFBF0A81D943DC262 /* [CP] Embed Pods Frameworks */ = {
			isa = PBXShellScriptBuildPhase;
			buildActionMask = 2147483647;
			files = (
			);
			inputPaths = (
			);
			name = "[CP] Embed Pods Frameworks";
			outputPaths = (
			);
			runOnlyForDeploymentPostprocessing = 0;
			shellPath = /bin/sh;
			shellScript = "\"${SRCROOT}/Pods/Target Support Files/Pods-TRZXPersonalWatch/Pods-TRZXPersonalWatch-frameworks.sh\"\n";
			showEnvVarsInLog = 0;
		};
/* End PBXShellScriptBuildPhase section */

/* Begin PBXSourcesBuildPhase section */
		B70E98461E63BA2C00FA3145 /* Sources */ = {
			isa = PBXSourcesBuildPhase;
			buildActionMask = 2147483647;
			files = (
				B70E98941E63C07A00FA3145 /* NoLabelView.m in Sources */,
				B70E98861E63BEF400FA3145 /* TRZXPersonalWatchModel.m in Sources */,
				B70E98521E63BA2C00FA3145 /* AppDelegate.m in Sources */,
				B70E984F1E63BA2C00FA3145 /* main.m in Sources */,
				B70E988F1E63C05C00FA3145 /* InvestSeeCell.m in Sources */,
				B70E98831E63BA5D00FA3145 /* TRZXPersonalWatchController.m in Sources */,
				B70E98981E63C85000FA3145 /* TRZXPWatchViewMode.m in Sources */,
				B70E988A1E63C02200FA3145 /* ZaixianerjiyedeCell.m in Sources */,
			);
			runOnlyForDeploymentPostprocessing = 0;
		};
		B70E985F1E63BA2C00FA3145 /* Sources */ = {
			isa = PBXSourcesBuildPhase;
			buildActionMask = 2147483647;
			files = (
				B70E98681E63BA2C00FA3145 /* TRZXPersonalWatchTests.m in Sources */,
			);
			runOnlyForDeploymentPostprocessing = 0;
		};
		B70E986A1E63BA2C00FA3145 /* Sources */ = {
			isa = PBXSourcesBuildPhase;
			buildActionMask = 2147483647;
			files = (
				B70E98731E63BA2C00FA3145 /* TRZXPersonalWatchUITests.m in Sources */,
			);
			runOnlyForDeploymentPostprocessing = 0;
		};
/* End PBXSourcesBuildPhase section */

/* Begin PBXTargetDependency section */
		B70E98651E63BA2C00FA3145 /* PBXTargetDependency */ = {
			isa = PBXTargetDependency;
			target = B70E98491E63BA2C00FA3145 /* TRZXPersonalWatch */;
			targetProxy = B70E98641E63BA2C00FA3145 /* PBXContainerItemProxy */;
		};
		B70E98701E63BA2C00FA3145 /* PBXTargetDependency */ = {
			isa = PBXTargetDependency;
			target = B70E98491E63BA2C00FA3145 /* TRZXPersonalWatch */;
			targetProxy = B70E986F1E63BA2C00FA3145 /* PBXContainerItemProxy */;
		};
/* End PBXTargetDependency section */

/* Begin PBXVariantGroup section */
		B70E98561E63BA2C00FA3145 /* Main.storyboard */ = {
			isa = PBXVariantGroup;
			children = (
				B70E98571E63BA2C00FA3145 /* Base */,
			);
			name = Main.storyboard;
			sourceTree = "<group>";
		};
		B70E985B1E63BA2C00FA3145 /* LaunchScreen.storyboard */ = {
			isa = PBXVariantGroup;
			children = (
				B70E985C1E63BA2C00FA3145 /* Base */,
			);
			name = LaunchScreen.storyboard;
			sourceTree = "<group>";
		};
/* End PBXVariantGroup section */

/* Begin XCBuildConfiguration section */
		B70E98751E63BA2C00FA3145 /* Debug */ = {
			isa = XCBuildConfiguration;
			buildSettings = {
				ALWAYS_SEARCH_USER_PATHS = NO;
				CLANG_ANALYZER_NONNULL = YES;
				CLANG_CXX_LANGUAGE_STANDARD = "gnu++0x";
				CLANG_CXX_LIBRARY = "libc++";
				CLANG_ENABLE_MODULES = YES;
				CLANG_ENABLE_OBJC_ARC = YES;
				CLANG_WARN_BOOL_CONVERSION = YES;
				CLANG_WARN_CONSTANT_CONVERSION = YES;
				CLANG_WARN_DIRECT_OBJC_ISA_USAGE = YES_ERROR;
				CLANG_WARN_DOCUMENTATION_COMMENTS = YES;
				CLANG_WARN_EMPTY_BODY = YES;
				CLANG_WARN_ENUM_CONVERSION = YES;
				CLANG_WARN_INFINITE_RECURSION = YES;
				CLANG_WARN_INT_CONVERSION = YES;
				CLANG_WARN_OBJC_ROOT_CLASS = YES_ERROR;
				CLANG_WARN_SUSPICIOUS_MOVE = YES;
				CLANG_WARN_UNREACHABLE_CODE = YES;
				CLANG_WARN__DUPLICATE_METHOD_MATCH = YES;
				"CODE_SIGN_IDENTITY[sdk=iphoneos*]" = "iPhone Developer";
				COPY_PHASE_STRIP = NO;
				DEBUG_INFORMATION_FORMAT = dwarf;
				ENABLE_STRICT_OBJC_MSGSEND = YES;
				ENABLE_TESTABILITY = YES;
				GCC_C_LANGUAGE_STANDARD = gnu99;
				GCC_DYNAMIC_NO_PIC = NO;
				GCC_NO_COMMON_BLOCKS = YES;
				GCC_OPTIMIZATION_LEVEL = 0;
				GCC_PREPROCESSOR_DEFINITIONS = (
					"DEBUG=1",
					"$(inherited)",
				);
				GCC_WARN_64_TO_32_BIT_CONVERSION = YES;
				GCC_WARN_ABOUT_RETURN_TYPE = YES_ERROR;
				GCC_WARN_UNDECLARED_SELECTOR = YES;
				GCC_WARN_UNINITIALIZED_AUTOS = YES_AGGRESSIVE;
				GCC_WARN_UNUSED_FUNCTION = YES;
				GCC_WARN_UNUSED_VARIABLE = YES;
				IPHONEOS_DEPLOYMENT_TARGET = 10.2;
				MTL_ENABLE_DEBUG_INFO = YES;
				ONLY_ACTIVE_ARCH = YES;
				SDKROOT = iphoneos;
				TARGETED_DEVICE_FAMILY = "1,2";
			};
			name = Debug;
		};
		B70E98761E63BA2C00FA3145 /* Release */ = {
			isa = XCBuildConfiguration;
			buildSettings = {
				ALWAYS_SEARCH_USER_PATHS = NO;
				CLANG_ANALYZER_NONNULL = YES;
				CLANG_CXX_LANGUAGE_STANDARD = "gnu++0x";
				CLANG_CXX_LIBRARY = "libc++";
				CLANG_ENABLE_MODULES = YES;
				CLANG_ENABLE_OBJC_ARC = YES;
				CLANG_WARN_BOOL_CONVERSION = YES;
				CLANG_WARN_CONSTANT_CONVERSION = YES;
				CLANG_WARN_DIRECT_OBJC_ISA_USAGE = YES_ERROR;
				CLANG_WARN_DOCUMENTATION_COMMENTS = YES;
				CLANG_WARN_EMPTY_BODY = YES;
				CLANG_WARN_ENUM_CONVERSION = YES;
				CLANG_WARN_INFINITE_RECURSION = YES;
				CLANG_WARN_INT_CONVERSION = YES;
				CLANG_WARN_OBJC_ROOT_CLASS = YES_ERROR;
				CLANG_WARN_SUSPICIOUS_MOVE = YES;
				CLANG_WARN_UNREACHABLE_CODE = YES;
				CLANG_WARN__DUPLICATE_METHOD_MATCH = YES;
				"CODE_SIGN_IDENTITY[sdk=iphoneos*]" = "iPhone Developer";
				COPY_PHASE_STRIP = NO;
				DEBUG_INFORMATION_FORMAT = "dwarf-with-dsym";
				ENABLE_NS_ASSERTIONS = NO;
				ENABLE_STRICT_OBJC_MSGSEND = YES;
				GCC_C_LANGUAGE_STANDARD = gnu99;
				GCC_NO_COMMON_BLOCKS = YES;
				GCC_WARN_64_TO_32_BIT_CONVERSION = YES;
				GCC_WARN_ABOUT_RETURN_TYPE = YES_ERROR;
				GCC_WARN_UNDECLARED_SELECTOR = YES;
				GCC_WARN_UNINITIALIZED_AUTOS = YES_AGGRESSIVE;
				GCC_WARN_UNUSED_FUNCTION = YES;
				GCC_WARN_UNUSED_VARIABLE = YES;
				IPHONEOS_DEPLOYMENT_TARGET = 10.2;
				MTL_ENABLE_DEBUG_INFO = NO;
				SDKROOT = iphoneos;
				TARGETED_DEVICE_FAMILY = "1,2";
				VALIDATE_PRODUCT = YES;
			};
			name = Release;
		};
		B70E98781E63BA2C00FA3145 /* Debug */ = {
			isa = XCBuildConfiguration;
			baseConfigurationReference = A715E85B767753528ED35C7A /* Pods-TRZXPersonalWatch.debug.xcconfig */;
			buildSettings = {
				ASSETCATALOG_COMPILER_APPICON_NAME = AppIcon;
				INFOPLIST_FILE = TRZXPersonalWatch/Info.plist;
				LD_RUNPATH_SEARCH_PATHS = "$(inherited) @executable_path/Frameworks";
				PRODUCT_BUNDLE_IDENTIFIER = com.JWZhang.TRZXPersonalWatch;
				PRODUCT_NAME = "$(TARGET_NAME)";
			};
			name = Debug;
		};
		B70E98791E63BA2C00FA3145 /* Release */ = {
			isa = XCBuildConfiguration;
			baseConfigurationReference = FF9EE8943BC8A52C2D0C98A6 /* Pods-TRZXPersonalWatch.release.xcconfig */;
			buildSettings = {
				ASSETCATALOG_COMPILER_APPICON_NAME = AppIcon;
				INFOPLIST_FILE = TRZXPersonalWatch/Info.plist;
				LD_RUNPATH_SEARCH_PATHS = "$(inherited) @executable_path/Frameworks";
				PRODUCT_BUNDLE_IDENTIFIER = com.JWZhang.TRZXPersonalWatch;
				PRODUCT_NAME = "$(TARGET_NAME)";
			};
			name = Release;
		};
		B70E987B1E63BA2C00FA3145 /* Debug */ = {
			isa = XCBuildConfiguration;
			buildSettings = {
				BUNDLE_LOADER = "$(TEST_HOST)";
				INFOPLIST_FILE = TRZXPersonalWatchTests/Info.plist;
				LD_RUNPATH_SEARCH_PATHS = "$(inherited) @executable_path/Frameworks @loader_path/Frameworks";
				PRODUCT_BUNDLE_IDENTIFIER = com.JWZhang.TRZXPersonalWatchTests;
				PRODUCT_NAME = "$(TARGET_NAME)";
				TEST_HOST = "$(BUILT_PRODUCTS_DIR)/TRZXPersonalWatch.app/TRZXPersonalWatch";
			};
			name = Debug;
		};
		B70E987C1E63BA2C00FA3145 /* Release */ = {
			isa = XCBuildConfiguration;
			buildSettings = {
				BUNDLE_LOADER = "$(TEST_HOST)";
				INFOPLIST_FILE = TRZXPersonalWatchTests/Info.plist;
				LD_RUNPATH_SEARCH_PATHS = "$(inherited) @executable_path/Frameworks @loader_path/Frameworks";
				PRODUCT_BUNDLE_IDENTIFIER = com.JWZhang.TRZXPersonalWatchTests;
				PRODUCT_NAME = "$(TARGET_NAME)";
				TEST_HOST = "$(BUILT_PRODUCTS_DIR)/TRZXPersonalWatch.app/TRZXPersonalWatch";
			};
			name = Release;
		};
		B70E987E1E63BA2C00FA3145 /* Debug */ = {
			isa = XCBuildConfiguration;
			buildSettings = {
				INFOPLIST_FILE = TRZXPersonalWatchUITests/Info.plist;
				LD_RUNPATH_SEARCH_PATHS = "$(inherited) @executable_path/Frameworks @loader_path/Frameworks";
				PRODUCT_BUNDLE_IDENTIFIER = com.JWZhang.TRZXPersonalWatchUITests;
				PRODUCT_NAME = "$(TARGET_NAME)";
				TEST_TARGET_NAME = TRZXPersonalWatch;
			};
			name = Debug;
		};
		B70E987F1E63BA2C00FA3145 /* Release */ = {
			isa = XCBuildConfiguration;
			buildSettings = {
				INFOPLIST_FILE = TRZXPersonalWatchUITests/Info.plist;
				LD_RUNPATH_SEARCH_PATHS = "$(inherited) @executable_path/Frameworks @loader_path/Frameworks";
				PRODUCT_BUNDLE_IDENTIFIER = com.JWZhang.TRZXPersonalWatchUITests;
				PRODUCT_NAME = "$(TARGET_NAME)";
				TEST_TARGET_NAME = TRZXPersonalWatch;
			};
			name = Release;
		};
/* End XCBuildConfiguration section */

/* Begin XCConfigurationList section */
		B70E98451E63BA2C00FA3145 /* Build configuration list for PBXProject "TRZXPersonalWatch" */ = {
			isa = XCConfigurationList;
			buildConfigurations = (
				B70E98751E63BA2C00FA3145 /* Debug */,
				B70E98761E63BA2C00FA3145 /* Release */,
			);
			defaultConfigurationIsVisible = 0;
			defaultConfigurationName = Release;
		};
		B70E98771E63BA2C00FA3145 /* Build configuration list for PBXNativeTarget "TRZXPersonalWatch" */ = {
			isa = XCConfigurationList;
			buildConfigurations = (
				B70E98781E63BA2C00FA3145 /* Debug */,
				B70E98791E63BA2C00FA3145 /* Release */,
			);
			defaultConfigurationIsVisible = 0;
			defaultConfigurationName = Release;
		};
		B70E987A1E63BA2C00FA3145 /* Build configuration list for PBXNativeTarget "TRZXPersonalWatchTests" */ = {
			isa = XCConfigurationList;
			buildConfigurations = (
				B70E987B1E63BA2C00FA3145 /* Debug */,
				B70E987C1E63BA2C00FA3145 /* Release */,
			);
			defaultConfigurationIsVisible = 0;
			defaultConfigurationName = Release;
		};
		B70E987D1E63BA2C00FA3145 /* Build configuration list for PBXNativeTarget "TRZXPersonalWatchUITests" */ = {
			isa = XCConfigurationList;
			buildConfigurations = (
				B70E987E1E63BA2C00FA3145 /* Debug */,
				B70E987F1E63BA2C00FA3145 /* Release */,
			);
			defaultConfigurationIsVisible = 0;
			defaultConfigurationName = Release;
		};
/* End XCConfigurationList section */
	};
	rootObject = B70E98421E63BA2C00FA3145 /* Project object */;
}
